{
  "object": {
    "pins": [
      {
        "package": "BaseNetworkKit",
        "repositoryURL": "https://github.com/limadeveloper/BaseNetworkKit.git",
        "state": {
          "branch": null,
          "revision": "cb42c9c2eba4cd1d71ebd9eea453ef88782b6342",
          "version": "1.0.9"
        }
      }
    ]
  },
  "version": 1
}
