PODS:
  - BaseNetworkKit (1.0.7)
  - ObservableKit (1.0.1)
  - SWMailgun (1.0.1):
    - BaseNetworkKit

DEPENDENCIES:
  - ObservableKit
  - SWMailgun (from `https://github.com/limadeveloper/SWMailgun.git`, branch `master`)

SPEC REPOS:
  https://github.com/cocoapods/specs.git:
    - BaseNetworkKit
    - ObservableKit

EXTERNAL SOURCES:
  SWMailgun:
    :branch: master
    :git: https://github.com/limadeveloper/SWMailgun.git

CHECKOUT OPTIONS:
  SWMailgun:
    :commit: c9a0603010ad4687bae9ec3e160a17ccac599e5d
    :git: https://github.com/limadeveloper/SWMailgun.git

SPEC CHECKSUMS:
  BaseNetworkKit: dbbff9573034f135aadf6a01a18d1af03e863b2d
  ObservableKit: f5f914904a359cbe56afa80ea411b45d5786058f
  SWMailgun: e1c3c965fc6908a0d825014c9d408b3dffbc8fdc

PODFILE CHECKSUM: 5bd19ef96ff1d71ac90f123bf89ff62dae0581f8

COCOAPODS: 1.7.0
