PODS:
  - BaseNetworkKit (1.0.7)
  - ObservableKit (1.0.1)
  - SWMailgun (1.0.0):
    - BaseNetworkKit

DEPENDENCIES:
  - ObservableKit
  - SWMailgun (from `https://github.com/limadeveloper/SWMailgun.git`, branch `fix/access_modifiers`)

SPEC REPOS:
  https://github.com/cocoapods/specs.git:
    - BaseNetworkKit
    - ObservableKit

EXTERNAL SOURCES:
  SWMailgun:
    :branch: fix/access_modifiers
    :git: https://github.com/limadeveloper/SWMailgun.git

CHECKOUT OPTIONS:
  SWMailgun:
    :commit: de3daf03d473ecc7690c485189406d8a45d05928
    :git: https://github.com/limadeveloper/SWMailgun.git

SPEC CHECKSUMS:
  BaseNetworkKit: dbbff9573034f135aadf6a01a18d1af03e863b2d
  ObservableKit: f5f914904a359cbe56afa80ea411b45d5786058f
  SWMailgun: c7afcd34121791beb0b072a4c3eef73d06607469

PODFILE CHECKSUM: c463df50d3a89be79a688e82802570248f63bae8

COCOAPODS: 1.7.0
