{
  "object": {
    "pins": [
      {
        "package": "BaseNetworkKit",
        "repositoryURL": "https://github.com/limadeveloper/BaseNetworkKit.git",
        "state": {
          "branch": null,
          "revision": "0ea889745cb60b695b43e544a33c018eee07a22f",
          "version": "1.1.0"
        }
      },
      {
        "package": "ObservableKit",
        "repositoryURL": "https://github.com/limadeveloper/ObservableKit.git",
        "state": {
          "branch": null,
          "revision": "f76993a45d3587541300e7d39f3d643576b7b899",
          "version": "1.0.3"
        }
      },
      {
        "package": "SWMailgun",
        "repositoryURL": "https://github.com/limadeveloper/SWMailgun.git",
        "state": {
          "branch": "master",
          "revision": "ffb583484c943eae7db14366ebaad85765fc5521",
          "version": null
        }
      }
    ]
  },
  "version": 1
}
